// !$*UTF8*$!
{
	archiveVersion = 1;
	classes = {
	};
	objectVersion = 46;
	objects = {

/* Begin PBXBuildFile section */
		8E48CB091D1B939200879269 /* AppDelegate.swift in Sources */ = {isa = PBXBuildFile; fileRef = 8E48CB081D1B939200879269 /* AppDelegate.swift */; };
		8E48CB0B1D1B939200879269 /* SearchViewController.swift in Sources */ = {isa = PBXBuildFile; fileRef = 8E48CB0A1D1B939200879269 /* SearchViewController.swift */; };
		8E48CB0E1D1B939200879269 /* Main.storyboard in Resources */ = {isa = PBXBuildFile; fileRef = 8E48CB0C1D1B939200879269 /* Main.storyboard */; };
		8E48CB111D1B939200879269 /* StoreSearch.xcdatamodeld in Sources */ = {isa = PBXBuildFile; fileRef = 8E48CB0F1D1B939200879269 /* StoreSearch.xcdatamodeld */; };
		8E48CB131D1B939200879269 /* Assets.xcassets in Resources */ = {isa = PBXBuildFile; fileRef = 8E48CB121D1B939200879269 /* Assets.xcassets */; };
		8E48CB161D1B939200879269 /* LaunchScreen.storyboard in Resources */ = {isa = PBXBuildFile; fileRef = 8E48CB141D1B939200879269 /* LaunchScreen.storyboard */; };
		8E48CB1E1D1B9CA500879269 /* SearchResult.swift in Sources */ = {isa = PBXBuildFile; fileRef = 8E48CB1D1D1B9CA500879269 /* SearchResult.swift */; };
		8E48CB201D1BA17700879269 /* SearchResultCell.xib in Resources */ = {isa = PBXBuildFile; fileRef = 8E48CB1F1D1BA17700879269 /* SearchResultCell.xib */; };
		8E48CB221D1BA54F00879269 /* SearchResultCell.swift in Sources */ = {isa = PBXBuildFile; fileRef = 8E48CB211D1BA54F00879269 /* SearchResultCell.swift */; };
		8E8EFB431D1C37DB006EB24D /* DetailViewController.swift in Sources */ = {isa = PBXBuildFile; fileRef = 8E8EFB421D1C37DB006EB24D /* DetailViewController.swift */; };
		8E8EFB471D1C6ECD006EB24D /* PaymentViewController.swift in Sources */ = {isa = PBXBuildFile; fileRef = 8E8EFB461D1C6ECD006EB24D /* PaymentViewController.swift */; };
/* End PBXBuildFile section */

/* Begin PBXFileReference section */
		8E48CB051D1B939200879269 /* StoreSearch.app */ = {isa = PBXFileReference; explicitFileType = wrapper.application; includeInIndex = 0; path = StoreSearch.app; sourceTree = BUILT_PRODUCTS_DIR; };
		8E48CB081D1B939200879269 /* AppDelegate.swift */ = {isa = PBXFileReference; lastKnownFileType = sourcecode.swift; path = AppDelegate.swift; sourceTree = "<group>"; };
		8E48CB0A1D1B939200879269 /* SearchViewController.swift */ = {isa = PBXFileReference; lastKnownFileType = sourcecode.swift; path = SearchViewController.swift; sourceTree = "<group>"; };
		8E48CB0D1D1B939200879269 /* Base */ = {isa = PBXFileReference; lastKnownFileType = file.storyboard; name = Base; path = Base.lproj/Main.storyboard; sourceTree = "<group>"; };
		8E48CB101D1B939200879269 /* StoreSearch.xcdatamodel */ = {isa = PBXFileReference; lastKnownFileType = wrapper.xcdatamodel; path = StoreSearch.xcdatamodel; sourceTree = "<group>"; };
		8E48CB121D1B939200879269 /* Assets.xcassets */ = {isa = PBXFileReference; lastKnownFileType = folder.assetcatalog; path = Assets.xcassets; sourceTree = "<group>"; };
		8E48CB151D1B939200879269 /* Base */ = {isa = PBXFileReference; lastKnownFileType = file.storyboard; name = Base; path = Base.lproj/LaunchScreen.storyboard; sourceTree = "<group>"; };
		8E48CB171D1B939200879269 /* Info.plist */ = {isa = PBXFileReference; lastKnownFileType = text.plist.xml; path = Info.plist; sourceTree = "<group>"; };
		8E48CB1D1D1B9CA500879269 /* SearchResult.swift */ = {isa = PBXFileReference; fileEncoding = 4; lastKnownFileType = sourcecode.swift; path = SearchResult.swift; sourceTree = "<group>"; };
		8E48CB1F1D1BA17700879269 /* SearchResultCell.xib */ = {isa = PBXFileReference; fileEncoding = 4; lastKnownFileType = file.xib; path = SearchResultCell.xib; sourceTree = "<group>"; };
		8E48CB211D1BA54F00879269 /* SearchResultCell.swift */ = {isa = PBXFileReference; fileEncoding = 4; lastKnownFileType = sourcecode.swift; path = SearchResultCell.swift; sourceTree = "<group>"; };
		8E8EFB421D1C37DB006EB24D /* DetailViewController.swift */ = {isa = PBXFileReference; fileEncoding = 4; lastKnownFileType = sourcecode.swift; path = DetailViewController.swift; sourceTree = "<group>"; };
		8E8EFB461D1C6ECD006EB24D /* PaymentViewController.swift */ = {isa = PBXFileReference; fileEncoding = 4; lastKnownFileType = sourcecode.swift; path = PaymentViewController.swift; sourceTree = "<group>"; };
/* End PBXFileReference section */

/* Begin PBXFrameworksBuildPhase section */
		8E48CB021D1B939200879269 /* Frameworks */ = {
			isa = PBXFrameworksBuildPhase;
			buildActionMask = 2147483647;
			files = (
			);
			runOnlyForDeploymentPostprocessing = 0;
		};
/* End PBXFrameworksBuildPhase section */

/* Begin PBXGroup section */
		8E48CAFC1D1B939200879269 = {
			isa = PBXGroup;
			children = (
				8E48CB071D1B939200879269 /* StoreSearch */,
				8E48CB061D1B939200879269 /* Products */,
			);
			sourceTree = "<group>";
		};
		8E48CB061D1B939200879269 /* Products */ = {
			isa = PBXGroup;
			children = (
				8E48CB051D1B939200879269 /* StoreSearch.app */,
			);
			name = Products;
			sourceTree = "<group>";
		};
		8E48CB071D1B939200879269 /* StoreSearch */ = {
			isa = PBXGroup;
			children = (
				8E48CB081D1B939200879269 /* AppDelegate.swift */,
				8E48CB0A1D1B939200879269 /* SearchViewController.swift */,
				8E48CB0C1D1B939200879269 /* Main.storyboard */,
				8E48CB121D1B939200879269 /* Assets.xcassets */,
				8E48CB141D1B939200879269 /* LaunchScreen.storyboard */,
				8E48CB171D1B939200879269 /* Info.plist */,
				8E48CB0F1D1B939200879269 /* StoreSearch.xcdatamodeld */,
				8E48CB1D1D1B9CA500879269 /* SearchResult.swift */,
				8E48CB1F1D1BA17700879269 /* SearchResultCell.xib */,
				8E48CB211D1BA54F00879269 /* SearchResultCell.swift */,
				8E8EFB421D1C37DB006EB24D /* DetailViewController.swift */,
				8E8EFB461D1C6ECD006EB24D /* PaymentViewController.swift */,
			);
			path = StoreSearch;
			sourceTree = "<group>";
		};
/* End PBXGroup section */

/* Begin PBXNativeTarget section */
		8E48CB041D1B939200879269 /* StoreSearch */ = {
			isa = PBXNativeTarget;
			buildConfigurationList = 8E48CB1A1D1B939200879269 /* Build configuration list for PBXNativeTarget "StoreSearch" */;
			buildPhases = (
				8E48CB011D1B939200879269 /* Sources */,
				8E48CB021D1B939200879269 /* Frameworks */,
				8E48CB031D1B939200879269 /* Resources */,
			);
			buildRules = (
			);
			dependencies = (
			);
			name = StoreSearch;
			productName = StoreSearch;
			productReference = 8E48CB051D1B939200879269 /* StoreSearch.app */;
			productType = "com.apple.product-type.application";
		};
/* End PBXNativeTarget section */

/* Begin PBXProject section */
		8E48CAFD1D1B939200879269 /* Project object */ = {
			isa = PBXProject;
			attributes = {
				LastSwiftUpdateCheck = 0730;
				LastUpgradeCheck = 0730;
				ORGANIZATIONNAME = YujungLee;
				TargetAttributes = {
					8E48CB041D1B939200879269 = {
						CreatedOnToolsVersion = 7.3.1;
					};
				};
			};
			buildConfigurationList = 8E48CB001D1B939200879269 /* Build configuration list for PBXProject "StoreSearch" */;
			compatibilityVersion = "Xcode 3.2";
			developmentRegion = English;
			hasScannedForEncodings = 0;
			knownRegions = (
				en,
				Base,
			);
			mainGroup = 8E48CAFC1D1B939200879269;
			productRefGroup = 8E48CB061D1B939200879269 /* Products */;
			projectDirPath = "";
			projectRoot = "";
			targets = (
				8E48CB041D1B939200879269 /* StoreSearch */,
			);
		};
/* End PBXProject section */

/* Begin PBXResourcesBuildPhase section */
		8E48CB031D1B939200879269 /* Resources */ = {
			isa = PBXResourcesBuildPhase;
			buildActionMask = 2147483647;
			files = (
				8E48CB161D1B939200879269 /* LaunchScreen.storyboard in Resources */,
				8E48CB131D1B939200879269 /* Assets.xcassets in Resources */,
				8E48CB201D1BA17700879269 /* SearchResultCell.xib in Resources */,
				8E48CB0E1D1B939200879269 /* Main.storyboard in Resources */,
			);
			runOnlyForDeploymentPostprocessing = 0;
		};
/* End PBXResourcesBuildPhase section */

/* Begin PBXSourcesBuildPhase section */
		8E48CB011D1B939200879269 /* Sources */ = {
			isa = PBXSourcesBuildPhase;
			buildActionMask = 2147483647;
			files = (
				8E8EFB471D1C6ECD006EB24D /* PaymentViewController.swift in Sources */,
				8E48CB0B1D1B939200879269 /* SearchViewController.swift in Sources */,
				8E48CB091D1B939200879269 /* AppDelegate.swift in Sources */,
				8E48CB1E1D1B9CA500879269 /* SearchResult.swift in Sources */,
				8E8EFB431D1C37DB006EB24D /* DetailViewController.swift in Sources */,
				8E48CB111D1B939200879269 /* StoreSearch.xcdatamodeld in Sources */,
				8E48CB221D1BA54F00879269 /* SearchResultCell.swift in Sources */,
			);
			runOnlyForDeploymentPostprocessing = 0;
		};
/* End PBXSourcesBuildPhase section */

/* Begin PBXVariantGroup section */
		8E48CB0C1D1B939200879269 /* Main.storyboard */ = {
			isa = PBXVariantGroup;
			children = (
				8E48CB0D1D1B939200879269 /* Base */,
			);
			name = Main.storyboard;
			sourceTree = "<group>";
		};
		8E48CB141D1B939200879269 /* LaunchScreen.storyboard */ = {
			isa = PBXVariantGroup;
			children = (
				8E48CB151D1B939200879269 /* Base */,
			);
			name = LaunchScreen.storyboard;
			sourceTree = "<group>";
		};
/* End PBXVariantGroup section */

/* Begin XCBuildConfiguration section */
		8E48CB181D1B939200879269 /* Debug */ = {
			isa = XCBuildConfiguration;
			buildSettings = {
				ALWAYS_SEARCH_USER_PATHS = NO;
				CLANG_ANALYZER_NONNULL = YES;
				CLANG_CXX_LANGUAGE_STANDARD = "gnu++0x";
				CLANG_CXX_LIBRARY = "libc++";
				CLANG_ENABLE_MODULES = YES;
				CLANG_ENABLE_OBJC_ARC = YES;
				CLANG_WARN_BOOL_CONVERSION = YES;
				CLANG_WARN_CONSTANT_CONVERSION = YES;
				CLANG_WARN_DIRECT_OBJC_ISA_USAGE = YES_ERROR;
				CLANG_WARN_EMPTY_BODY = YES;
				CLANG_WARN_ENUM_CONVERSION = YES;
				CLANG_WARN_INT_CONVERSION = YES;
				CLANG_WARN_OBJC_ROOT_CLASS = YES_ERROR;
				CLANG_WARN_UNREACHABLE_CODE = YES;
				CLANG_WARN__DUPLICATE_METHOD_MATCH = YES;
				"CODE_SIGN_IDENTITY[sdk=iphoneos*]" = "iPhone Developer";
				COPY_PHASE_STRIP = NO;
				DEBUG_INFORMATION_FORMAT = dwarf;
				ENABLE_STRICT_OBJC_MSGSEND = YES;
				ENABLE_TESTABILITY = YES;
				GCC_C_LANGUAGE_STANDARD = gnu99;
				GCC_DYNAMIC_NO_PIC = NO;
				GCC_NO_COMMON_BLOCKS = YES;
				GCC_OPTIMIZATION_LEVEL = 0;
				GCC_PREPROCESSOR_DEFINITIONS = (
					"DEBUG=1",
					"$(inherited)",
				);
				GCC_WARN_64_TO_32_BIT_CONVERSION = YES;
				GCC_WARN_ABOUT_RETURN_TYPE = YES_ERROR;
				GCC_WARN_UNDECLARED_SELECTOR = YES;
				GCC_WARN_UNINITIALIZED_AUTOS = YES_AGGRESSIVE;
				GCC_WARN_UNUSED_FUNCTION = YES;
				GCC_WARN_UNUSED_VARIABLE = YES;
				IPHONEOS_DEPLOYMENT_TARGET = 9.3;
				MTL_ENABLE_DEBUG_INFO = YES;
				ONLY_ACTIVE_ARCH = YES;
				SDKROOT = iphoneos;
				SWIFT_OPTIMIZATION_LEVEL = "-Onone";
				TARGETED_DEVICE_FAMILY = "1,2";
			};
			name = Debug;
		};
		8E48CB191D1B939200879269 /* Release */ = {
			isa = XCBuildConfiguration;
			buildSettings = {
				ALWAYS_SEARCH_USER_PATHS = NO;
				CLANG_ANALYZER_NONNULL = YES;
				CLANG_CXX_LANGUAGE_STANDARD = "gnu++0x";
				CLANG_CXX_LIBRARY = "libc++";
				CLANG_ENABLE_MODULES = YES;
				CLANG_ENABLE_OBJC_ARC = YES;
				CLANG_WARN_BOOL_CONVERSION = YES;
				CLANG_WARN_CONSTANT_CONVERSION = YES;
				CLANG_WARN_DIRECT_OBJC_ISA_USAGE = YES_ERROR;
				CLANG_WARN_EMPTY_BODY = YES;
				CLANG_WARN_ENUM_CONVERSION = YES;
				CLANG_WARN_INT_CONVERSION = YES;
				CLANG_WARN_OBJC_ROOT_CLASS = YES_ERROR;
				CLANG_WARN_UNREACHABLE_CODE = YES;
				CLANG_WARN__DUPLICATE_METHOD_MATCH = YES;
				"CODE_SIGN_IDENTITY[sdk=iphoneos*]" = "iPhone Developer";
				COPY_PHASE_STRIP = NO;
				DEBUG_INFORMATION_FORMAT = "dwarf-with-dsym";
				ENABLE_NS_ASSERTIONS = NO;
				ENABLE_STRICT_OBJC_MSGSEND = YES;
				GCC_C_LANGUAGE_STANDARD = gnu99;
				GCC_NO_COMMON_BLOCKS = YES;
				GCC_WARN_64_TO_32_BIT_CONVERSION = YES;
				GCC_WARN_ABOUT_RETURN_TYPE = YES_ERROR;
				GCC_WARN_UNDECLARED_SELECTOR = YES;
				GCC_WARN_UNINITIALIZED_AUTOS = YES_AGGRESSIVE;
				GCC_WARN_UNUSED_FUNCTION = YES;
				GCC_WARN_UNUSED_VARIABLE = YES;
				IPHONEOS_DEPLOYMENT_TARGET = 9.3;
				MTL_ENABLE_DEBUG_INFO = NO;
				SDKROOT = iphoneos;
				TARGETED_DEVICE_FAMILY = "1,2";
				VALIDATE_PRODUCT = YES;
			};
			name = Release;
		};
		8E48CB1B1D1B939200879269 /* Debug */ = {
			isa = XCBuildConfiguration;
			buildSettings = {
				ASSETCATALOG_COMPILER_APPICON_NAME = AppIcon;
				INFOPLIST_FILE = StoreSearch/Info.plist;
				LD_RUNPATH_SEARCH_PATHS = "$(inherited) @executable_path/Frameworks";
				PRODUCT_BUNDLE_IDENTIFIER = kr.ac.sogang.mail.20131589.StoreSearch;
				PRODUCT_NAME = "$(TARGET_NAME)";
			};
			name = Debug;
		};
		8E48CB1C1D1B939200879269 /* Release */ = {
			isa = XCBuildConfiguration;
			buildSettings = {
				ASSETCATALOG_COMPILER_APPICON_NAME = AppIcon;
				INFOPLIST_FILE = StoreSearch/Info.plist;
				LD_RUNPATH_SEARCH_PATHS = "$(inherited) @executable_path/Frameworks";
				PRODUCT_BUNDLE_IDENTIFIER = kr.ac.sogang.mail.20131589.StoreSearch;
				PRODUCT_NAME = "$(TARGET_NAME)";
			};
			name = Release;
		};
/* End XCBuildConfiguration section */

/* Begin XCConfigurationList section */
		8E48CB001D1B939200879269 /* Build configuration list for PBXProject "StoreSearch" */ = {
			isa = XCConfigurationList;
			buildConfigurations = (
				8E48CB181D1B939200879269 /* Debug */,
				8E48CB191D1B939200879269 /* Release */,
			);
			defaultConfigurationIsVisible = 0;
			defaultConfigurationName = Release;
		};
		8E48CB1A1D1B939200879269 /* Build configuration list for PBXNativeTarget "StoreSearch" */ = {
			isa = XCConfigurationList;
			buildConfigurations = (
				8E48CB1B1D1B939200879269 /* Debug */,
				8E48CB1C1D1B939200879269 /* Release */,
			);
			defaultConfigurationIsVisible = 0;
			defaultConfigurationName = Release;
		};
/* End XCConfigurationList section */

/* Begin XCVersionGroup section */
		8E48CB0F1D1B939200879269 /* StoreSearch.xcdatamodeld */ = {
			isa = XCVersionGroup;
			children = (
				8E48CB101D1B939200879269 /* StoreSearch.xcdatamodel */,
			);
			currentVersion = 8E48CB101D1B939200879269 /* StoreSearch.xcdatamodel */;
			path = StoreSearch.xcdatamodeld;
			sourceTree = "<group>";
			versionGroupType = wrapper.xcdatamodel;
		};
/* End XCVersionGroup section */
	};
	rootObject = 8E48CAFD1D1B939200879269 /* Project object */;
}
